Microsoft Visual Studio Solution File, Format Version 12.00
# Visual Studio Version 17
VisualStudioVersion = 17.5.2.0
MinimumVisualStudioVersion = 10.0.40219.1
Project("{FAE04EC0-301F-11D3-BF4B-00C04F79EFBC}") = "Bank_Hisobini_Boshqarish", "Bank_Hisobini_Boshqarish.csproj", "{7DB2A2A0-F7B5-AE01-BA55-6C56D997A9B1}"
EndProject
Global
	GlobalSection(SolutionConfigurationPlatforms) = preSolution
		Debug|Any CPU = Debug|Any CPU
		Release|Any CPU = Release|Any CPU
	EndGlobalSection
	GlobalSection(ProjectConfigurationPlatforms) = postSolution
		{7DB2A2A0-F7B5-AE01-BA55-6C56D997A9B1}.Debug|Any CPU.ActiveCfg = Debug|Any CPU
		{7DB2A2A0-F7B5-AE01-BA55-6C56D997A9B1}.Debug|Any CPU.Build.0 = Debug|Any CPU
		{7DB2A2A0-F7B5-AE01-BA55-6C56D997A9B1}.Release|Any CPU.ActiveCfg = Release|Any CPU
		{7DB2A2A0-F7B5-AE01-BA55-6C56D997A9B1}.Release|Any CPU.Build.0 = Release|Any CPU
	EndGlobalSection
	GlobalSection(SolutionProperties) = preSolution
		HideSolutionNode = FALSE
	EndGlobalSection
	GlobalSection(ExtensibilityGlobals) = postSolution
		SolutionGuid = {B74BA93A-7192-40D1-81FA-DA0F5B3D462A}
	EndGlobalSection
EndGlobal
